
Microsoft Visual Studio Solution File, Format Version 12.00
# Visual Studio Version 16
VisualStudioVersion = 16.0.30413.136
MinimumVisualStudioVersion = 10.0.40219.1
Project("{FAE04EC0-301F-11D3-BF4B-00C04F79EFBC}") = "WeightWebApi", "WeightWebApi\WeightWebApi.csproj", "{F3B5CCB7-14FA-4660-AEB2-B2ACBA7AC04B}"
EndProject
Global
	GlobalSection(SolutionConfigurationPlatforms) = preSolution
		Debug|Any CPU = Debug|Any CPU
		Release|Any CPU = Release|Any CPU
	EndGlobalSection
	GlobalSection(ProjectConfigurationPlatforms) = postSolution
		{F3B5CCB7-14FA-4660-AEB2-B2ACBA7AC04B}.Debug|Any CPU.ActiveCfg = Debug|Any CPU
		{F3B5CCB7-14FA-4660-AEB2-B2ACBA7AC04B}.Debug|Any CPU.Build.0 = Debug|Any CPU
		{F3B5CCB7-14FA-4660-AEB2-B2ACBA7AC04B}.Release|Any CPU.ActiveCfg = Release|Any CPU
		{F3B5CCB7-14FA-4660-AEB2-B2ACBA7AC04B}.Release|Any CPU.Build.0 = Release|Any CPU
	EndGlobalSection
	GlobalSection(SolutionProperties) = preSolution
		HideSolutionNode = FALSE
	EndGlobalSection
	GlobalSection(ExtensibilityGlobals) = postSolution
		SolutionGuid = {690398D5-D656-4039-8F23-DB9D9FB4B76C}
	EndGlobalSection
EndGlobal
